<Solution>
  <Folder Name="/Solution Items/">
    <File Path="gitignore" />
  </Folder>
  <Project Path="ResumeApi.csproj" />
  <Project Path="ResumeApi.Tests/ResumeApi.Tests.csproj" />
  <Properties Name="ExtensibilityGlobals" Scope="PostLoad">
    <Property Name="FileExplorer" Value="|Middleware\" />
  </Properties>
</Solution>
